{
  "version": 4,
  "terraform_version": "0.15.0",
  "serial": 442,
  "lineage": "4d8bf6a7-77f4-7f77-27e2-924cc670a48b",
  "outputs": {},
  "resources": [
    {
      "mode": "managed",
      "type": "hcloud_load_balancer",
      "name": "master",
      "provider": "provider[\"registry.terraform.io/hetznercloud/hcloud\"]",
      "instances": [
        {
          "schema_version": 0,
          "attributes": {
            "algorithm": [
              {
                "type": "round_robin"
              }
            ],
            "id": "412423",
            "ipv4": "95.217.173.46",
            "ipv6": "2a01:4f9:c01e:388::1",
            "labels": {},
            "load_balancer_type": "lb11",
            "location": "hel1",
            "name": "master",
            "network_id": null,
            "network_ip": null,
            "network_zone": "eu-central",
            "target": [
              {
                "server_id": 14004249,
                "type": "server",
                "use_private_ip": false
              }
            ]
          },
          "sensitive_attributes": [],
          "private": "bnVsbA=="
        }
      ]
    },
    {
      "mode": "managed",
      "type": "hcloud_load_balancer_service",
      "name": "load_balancer_service",
      "provider": "provider[\"registry.terraform.io/hetznercloud/hcloud\"]",
      "instances": [
        {
          "schema_version": 0,
          "attributes": {
            "destination_port": 6443,
            "health_check": [
              {
                "http": [],
                "interval": 15,
                "port": 6443,
                "protocol": "tcp",
                "retries": 3,
                "timeout": 10
              }
            ],
            "http": [],
            "id": "412423__6443",
            "listen_port": 6443,
            "load_balancer_id": "412423",
            "protocol": "tcp",
            "proxyprotocol": false
          },
          "sensitive_attributes": [],
          "private": "bnVsbA==",
          "dependencies": [
            "hcloud_load_balancer.master"
          ]
        }
      ]
    },
    {
      "mode": "managed",
      "type": "hcloud_load_balancer_target",
      "name": "master",
      "provider": "provider[\"registry.terraform.io/hetznercloud/hcloud\"]",
      "instances": [
        {
          "schema_version": 0,
          "attributes": {
            "id": "lb-srv-tgt-14004249-412423",
            "ip": null,
            "label_selector": null,
            "load_balancer_id": 412423,
            "server_id": 14004249,
            "type": "server",
            "use_private_ip": false
          },
          "sensitive_attributes": [],
          "private": "bnVsbA==",
          "dependencies": [
            "hcloud_ssh_key.default",
            "hcloud_load_balancer.master",
            "hcloud_server.master"
          ]
        }
      ]
    },
    {
      "mode": "managed",
      "type": "hcloud_server",
      "name": "master",
      "provider": "provider[\"registry.terraform.io/hetznercloud/hcloud\"]",
      "instances": [
        {
          "schema_version": 0,
          "attributes": {
            "backup_window": "",
            "backups": false,
            "datacenter": "hel1-dc2",
            "id": "14004249",
            "image": "ubuntu-20.04",
            "ipv4_address": "135.181.198.226",
            "ipv6_address": "2a01:4f9:c010:b243::1",
            "ipv6_network": "2a01:4f9:c010:b243::/64",
            "iso": null,
            "keep_disk": false,
            "labels": {},
            "location": "hel1",
            "name": "master",
            "rescue": null,
            "server_type": "cx21",
            "ssh_keys": [
              "4304412"
            ],
            "status": "running",
            "user_data": null
          },
          "sensitive_attributes": [],
          "private": "bnVsbA==",
          "dependencies": [
            "hcloud_ssh_key.default"
          ]
        }
      ]
    },
    {
      "mode": "managed",
      "type": "hcloud_ssh_key",
      "name": "default",
      "provider": "provider[\"registry.terraform.io/hetznercloud/hcloud\"]",
      "instances": [
        {
          "schema_version": 0,
          "attributes": {
            "fingerprint": "f2:17:31:50:cb:5f:d1:a7:37:14:01:f4:bf:2c:28:61",
            "id": "4304412",
            "labels": {},
            "name": "Default ssh key",
            "public_key": "ssh-rsa AAAAB3NzaC1yc2EAAAADAQABAAACAQDCri5bb6p4Bx+csqoOi67aPf2nVQxwdW5b33AwD9toF35mKojD3EiYErlVfdcms+cIcuWEC+CmdL+ms4uj4D5oxWpUvX7s33bI1UiA7rqLQ/XqEjFOfSWkC9LONfTf3naf4qXA4l84Z13WZRzxtKOvoifiQBbPtmfsPxtjwgvIt0bKykyzxe1Qm+jCcpaH8MVnFS2cgTCRHTI9aWIvaoP6th4hAhos9vmYsj/UzoPImat3lh51X47lQJ005ZSg1PytUvyUw1r2xp+fsK6UYazG/zDhptcR/gs7VaX0xuOCMLwVfrFR44fEdkas7cTRUxu2ySkBfVu1H5GTV1NumA1eF9OaTh136WKV5O0+F5deq6xUXxxXUcT6ymgFsEAFFW2WjG8lciSSpy1jRTt1/M7ZfplSSYZs9Gn9KmaFuEsW4NGcNXaXrzO/z8QGL1Vk5f8is5SD1BZPhZRzmI2amPN6hunJjF1xU0quNeF4ifQ5IoWQb2YJjufSn3KF4COUK323Go7Cid8aCp5jH8TE8lZKWVPHtLJokIBavvkhge5F0t7rrfYPqE+30AyshpXy4ag65tprIiQCwc99VLORYfcl8njxWsglVUfrPflVBgTArh4Hlqf7r1pziOe1mUYUktcj5FKhgBEmEcgdEo9aCuK9YIj7jICkD1EgETDbBw0DQw== aron.wolf@conlance.de\n"
          },
          "sensitive_attributes": [],
          "private": "bnVsbA=="
        }
      ]
    },
    {
      "mode": "managed",
      "type": "hcloud_volume",
      "name": "data",
      "provider": "provider[\"registry.terraform.io/hetznercloud/hcloud\"]",
      "instances": [
        {
          "schema_version": 0,
          "attributes": {
            "automount": null,
            "format": "ext4",
            "id": "13101988",
            "labels": {},
            "linux_device": "/dev/disk/by-id/scsi-0HC_Volume_13101988",
            "location": "hel1",
            "name": "data",
            "server_id": 14004249,
            "size": 10
          },
          "sensitive_attributes": [],
          "private": "bnVsbA=="
        }
      ]
    },
    {
      "mode": "managed",
      "type": "hcloud_volume_attachment",
      "name": "data",
      "provider": "provider[\"registry.terraform.io/hetznercloud/hcloud\"]",
      "instances": [
        {
          "schema_version": 0,
          "attributes": {
            "automount": true,
            "id": "13101988",
            "server_id": 14004249,
            "volume_id": 13101988
          },
          "sensitive_attributes": [],
          "private": "bnVsbA==",
          "dependencies": [
            "hcloud_server.master",
            "hcloud_ssh_key.default",
            "hcloud_volume.data"
          ]
        }
      ]
    },
    {
      "mode": "managed",
      "type": "null_resource",
      "name": "setup_master",
      "provider": "provider[\"registry.terraform.io/hashicorp/null\"]",
      "instances": [
        {
          "status": "tainted",
          "schema_version": 0,
          "attributes": {
            "id": "4397414186166907642",
            "triggers": {
              "load_balancer_id": "lb-srv-tgt-14004249-412423",
              "server_id": "14004249",
              "volume_id": "13101988"
            }
          },
          "sensitive_attributes": [],
          "private": "bnVsbA==",
          "dependencies": [
            "hcloud_load_balancer.master",
            "hcloud_load_balancer_target.master",
            "hcloud_server.master",
            "hcloud_ssh_key.default",
            "hcloud_volume.data",
            "hcloud_volume_attachment.data"
          ]
        }
      ]
    }
  ]
}
