{
  "version": 4,
  "terraform_version": "1.0.6",
  "serial": 20,
  "lineage": "3a621134-1b44-bfac-c5b2-3d07cdbaa800",
  "outputs": {},
  "resources": [
    {
      "mode": "managed",
      "type": "hcloud_load_balancer",
      "name": "master",
      "provider": "provider[\"registry.terraform.io/hetznercloud/hcloud\"]",
      "instances": [
        {
          "schema_version": 0,
          "attributes": {
            "algorithm": [
              {
                "type": "round_robin"
              }
            ],
            "id": "429456",
            "ipv4": "49.12.20.205",
            "ipv6": "2a01:4f8:c011:70f::1",
            "labels": {},
            "load_balancer_type": "lb11",
            "location": "fsn1",
            "name": "master",
            "network_id": null,
            "network_ip": null,
            "network_zone": "eu-central",
            "target": [
              {
                "server_id": 14225751,
                "type": "server",
                "use_private_ip": false
              }
            ]
          },
          "sensitive_attributes": [],
          "private": "bnVsbA==",
          "dependencies": [
            "hcloud_server.master",
            "hcloud_ssh_key.default"
          ]
        }
      ]
    },
    {
      "mode": "managed",
      "type": "hcloud_load_balancer_service",
      "name": "load_balancer_service",
      "provider": "provider[\"registry.terraform.io/hetznercloud/hcloud\"]",
      "instances": [
        {
          "schema_version": 0,
          "attributes": {
            "destination_port": 6443,
            "health_check": [
              {
                "http": [],
                "interval": 15,
                "port": 6443,
                "protocol": "tcp",
                "retries": 3,
                "timeout": 10
              }
            ],
            "http": [],
            "id": "429456__6443",
            "listen_port": 6443,
            "load_balancer_id": "429456",
            "protocol": "tcp",
            "proxyprotocol": false
          },
          "sensitive_attributes": [],
          "private": "bnVsbA==",
          "dependencies": [
            "hcloud_ssh_key.default",
            "hcloud_load_balancer.master",
            "hcloud_server.master"
          ]
        }
      ]
    },
    {
      "mode": "managed",
      "type": "hcloud_load_balancer_target",
      "name": "master",
      "provider": "provider[\"registry.terraform.io/hetznercloud/hcloud\"]",
      "instances": [
        {
          "schema_version": 0,
          "attributes": {
            "id": "lb-srv-tgt-14225751-429456",
            "ip": null,
            "label_selector": null,
            "load_balancer_id": 429456,
            "server_id": 14225751,
            "type": "server",
            "use_private_ip": false
          },
          "sensitive_attributes": [],
          "private": "bnVsbA==",
          "dependencies": [
            "hcloud_load_balancer.master",
            "hcloud_server.master",
            "hcloud_ssh_key.default"
          ]
        }
      ]
    },
    {
      "mode": "managed",
      "type": "hcloud_server",
      "name": "master",
      "provider": "provider[\"registry.terraform.io/hetznercloud/hcloud\"]",
      "instances": [
        {
          "schema_version": 0,
          "attributes": {
            "backup_window": "",
            "backups": false,
            "datacenter": "fsn1-dc14",
            "id": "14225751",
            "image": "ubuntu-20.04",
            "ipv4_address": "23.88.47.99",
            "ipv6_address": "2a01:4f8:1c17:4df0::1",
            "ipv6_network": "2a01:4f8:1c17:4df0::/64",
            "iso": null,
            "keep_disk": false,
            "labels": {},
            "location": "fsn1",
            "name": "master",
            "rescue": null,
            "server_type": "cx21",
            "ssh_keys": [
              "4381315"
            ],
            "status": "running",
            "user_data": null
          },
          "sensitive_attributes": [],
          "private": "bnVsbA==",
          "dependencies": [
            "hcloud_ssh_key.default"
          ]
        }
      ]
    },
    {
      "mode": "managed",
      "type": "hcloud_ssh_key",
      "name": "default",
      "provider": "provider[\"registry.terraform.io/hetznercloud/hcloud\"]",
      "instances": [
        {
          "schema_version": 0,
          "attributes": {
            "fingerprint": "f2:17:31:50:cb:5f:d1:a7:37:14:01:f4:bf:2c:28:61",
            "id": "4381315",
            "labels": {},
            "name": "Default ssh key",
            "public_key": "ssh-rsa AAAAB3NzaC1yc2EAAAADAQABAAACAQDCri5bb6p4Bx+csqoOi67aPf2nVQxwdW5b33AwD9toF35mKojD3EiYErlVfdcms+cIcuWEC+CmdL+ms4uj4D5oxWpUvX7s33bI1UiA7rqLQ/XqEjFOfSWkC9LONfTf3naf4qXA4l84Z13WZRzxtKOvoifiQBbPtmfsPxtjwgvIt0bKykyzxe1Qm+jCcpaH8MVnFS2cgTCRHTI9aWIvaoP6th4hAhos9vmYsj/UzoPImat3lh51X47lQJ005ZSg1PytUvyUw1r2xp+fsK6UYazG/zDhptcR/gs7VaX0xuOCMLwVfrFR44fEdkas7cTRUxu2ySkBfVu1H5GTV1NumA1eF9OaTh136WKV5O0+F5deq6xUXxxXUcT6ymgFsEAFFW2WjG8lciSSpy1jRTt1/M7ZfplSSYZs9Gn9KmaFuEsW4NGcNXaXrzO/z8QGL1Vk5f8is5SD1BZPhZRzmI2amPN6hunJjF1xU0quNeF4ifQ5IoWQb2YJjufSn3KF4COUK323Go7Cid8aCp5jH8TE8lZKWVPHtLJokIBavvkhge5F0t7rrfYPqE+30AyshpXy4ag65tprIiQCwc99VLORYfcl8njxWsglVUfrPflVBgTArh4Hlqf7r1pziOe1mUYUktcj5FKhgBEmEcgdEo9aCuK9YIj7jICkD1EgETDbBw0DQw== aron.wolf@conlance.de\n"
          },
          "sensitive_attributes": [],
          "private": "bnVsbA=="
        }
      ]
    },
    {
      "mode": "managed",
      "type": "null_resource",
      "name": "setup_master",
      "provider": "provider[\"registry.terraform.io/hashicorp/null\"]",
      "instances": [
        {
          "schema_version": 0,
          "attributes": {
            "id": "4189654399235930666",
            "triggers": {
              "server_id": "14225751"
            }
          },
          "sensitive_attributes": [],
          "private": "bnVsbA==",
          "dependencies": [
            "hcloud_load_balancer.master",
            "hcloud_server.master",
            "hcloud_ssh_key.default"
          ]
        }
      ]
    }
  ]
}
