{
  "version": 4,
  "terraform_version": "0.14.3",
  "serial": 25,
  "lineage": "b3bbdbde-979d-19ba-73a6-329fdd80f1e2",
  "outputs": {},
  "resources": [
    {
      "mode": "managed",
      "type": "hcloud_floating_ip",
      "name": "master",
      "provider": "provider[\"registry.terraform.io/hetznercloud/hcloud\"]",
      "instances": [
        {
          "schema_version": 0,
          "attributes": {
            "description": "",
            "home_location": "hel1",
            "id": "388734",
            "ip_address": "95.217.27.3",
            "ip_network": null,
            "labels": {},
            "name": "master",
            "server_id": 9303058,
            "type": "ipv4"
          },
          "sensitive_attributes": [],
          "private": "bnVsbA==",
          "dependencies": [
            "hcloud_server.master",
            "hcloud_ssh_key.default"
          ]
        }
      ]
    },
    {
      "mode": "managed",
      "type": "hcloud_server",
      "name": "master",
      "provider": "provider[\"registry.terraform.io/hetznercloud/hcloud\"]",
      "instances": [
        {
          "schema_version": 0,
          "attributes": {
            "backup_window": "",
            "backups": false,
            "datacenter": "hel1-dc2",
            "id": "9303058",
            "image": "ubuntu-20.04",
            "ipv4_address": "95.217.238.104",
            "ipv6_address": "2a01:4f9:c010:875b::1",
            "ipv6_network": "2a01:4f9:c010:875b::/64",
            "iso": null,
            "keep_disk": false,
            "labels": {},
            "location": "hel1",
            "name": "master",
            "rescue": null,
            "server_type": "cx21",
            "ssh_keys": [
              "2640105"
            ],
            "status": "running",
            "user_data": null
          },
          "sensitive_attributes": [],
          "private": "bnVsbA==",
          "dependencies": [
            "hcloud_ssh_key.default"
          ]
        }
      ]
    },
    {
      "mode": "managed",
      "type": "hcloud_server",
      "name": "node1",
      "provider": "provider[\"registry.terraform.io/hetznercloud/hcloud\"]",
      "instances": [
        {
          "schema_version": 0,
          "attributes": {
            "backup_window": "",
            "backups": false,
            "datacenter": "hel1-dc2",
            "id": "9303059",
            "image": "ubuntu-20.04",
            "ipv4_address": "135.181.36.197",
            "ipv6_address": "2a01:4f9:c010:b50b::1",
            "ipv6_network": "2a01:4f9:c010:b50b::/64",
            "iso": null,
            "keep_disk": false,
            "labels": {},
            "location": "hel1",
            "name": "node1",
            "rescue": null,
            "server_type": "cx31",
            "ssh_keys": [
              "2640105"
            ],
            "status": "running",
            "user_data": null
          },
          "sensitive_attributes": [],
          "private": "bnVsbA==",
          "dependencies": [
            "hcloud_ssh_key.default"
          ]
        }
      ]
    },
    {
      "mode": "managed",
      "type": "hcloud_ssh_key",
      "name": "default",
      "provider": "provider[\"registry.terraform.io/hetznercloud/hcloud\"]",
      "instances": [
        {
          "schema_version": 0,
          "attributes": {
            "fingerprint": "f2:17:31:50:cb:5f:d1:a7:37:14:01:f4:bf:2c:28:61",
            "id": "2640105",
            "labels": {},
            "name": "Default ssh key",
            "public_key": "ssh-rsa AAAAB3NzaC1yc2EAAAADAQABAAACAQDCri5bb6p4Bx+csqoOi67aPf2nVQxwdW5b33AwD9toF35mKojD3EiYErlVfdcms+cIcuWEC+CmdL+ms4uj4D5oxWpUvX7s33bI1UiA7rqLQ/XqEjFOfSWkC9LONfTf3naf4qXA4l84Z13WZRzxtKOvoifiQBbPtmfsPxtjwgvIt0bKykyzxe1Qm+jCcpaH8MVnFS2cgTCRHTI9aWIvaoP6th4hAhos9vmYsj/UzoPImat3lh51X47lQJ005ZSg1PytUvyUw1r2xp+fsK6UYazG/zDhptcR/gs7VaX0xuOCMLwVfrFR44fEdkas7cTRUxu2ySkBfVu1H5GTV1NumA1eF9OaTh136WKV5O0+F5deq6xUXxxXUcT6ymgFsEAFFW2WjG8lciSSpy1jRTt1/M7ZfplSSYZs9Gn9KmaFuEsW4NGcNXaXrzO/z8QGL1Vk5f8is5SD1BZPhZRzmI2amPN6hunJjF1xU0quNeF4ifQ5IoWQb2YJjufSn3KF4COUK323Go7Cid8aCp5jH8TE8lZKWVPHtLJokIBavvkhge5F0t7rrfYPqE+30AyshpXy4ag65tprIiQCwc99VLORYfcl8njxWsglVUfrPflVBgTArh4Hlqf7r1pziOe1mUYUktcj5FKhgBEmEcgdEo9aCuK9YIj7jICkD1EgETDbBw0DQw== aron.wolf@conlance.de\n"
          },
          "sensitive_attributes": [],
          "private": "bnVsbA=="
        }
      ]
    },
    {
      "mode": "managed",
      "type": "hcloud_volume",
      "name": "master",
      "provider": "provider[\"registry.terraform.io/hetznercloud/hcloud\"]",
      "instances": [
        {
          "schema_version": 0,
          "attributes": {
            "automount": null,
            "format": "ext4",
            "id": "8721996",
            "labels": {},
            "linux_device": "/dev/disk/by-id/scsi-0HC_Volume_8721996",
            "location": "hel1",
            "name": "master",
            "server_id": 9303058,
            "size": 20
          },
          "sensitive_attributes": [],
          "private": "bnVsbA==",
          "dependencies": [
            "hcloud_server.master",
            "hcloud_ssh_key.default"
          ]
        }
      ]
    },
    {
      "mode": "managed",
      "type": "null_resource",
      "name": "install_kubernetes",
      "provider": "provider[\"registry.terraform.io/hashicorp/null\"]",
      "instances": [
        {
          "schema_version": 0,
          "attributes": {
            "id": "5929518413413619437",
            "triggers": null
          },
          "sensitive_attributes": [],
          "private": "bnVsbA==",
          "dependencies": [
            "hcloud_server.master",
            "hcloud_ssh_key.default",
            "hcloud_volume.master"
          ]
        }
      ]
    }
  ]
}
